
Microsoft Visual Studio Solution File, Format Version 12.00
# Visual Studio Version 17
VisualStudioVersion = 17.1.32421.90
MinimumVisualStudioVersion = 10.0.40219.1
Project("{FAE04EC0-301F-11D3-BF4B-00C04F79EFBC}") = "Practical", "Practical\Practical.csproj", "{19AA37BC-8798-4225-9D89-D2CC445CD878}"
EndProject
Project("{FAE04EC0-301F-11D3-BF4B-00C04F79EFBC}") = "Practical_App", "Practical_App\Practical_App.csproj", "{58BEDDA8-E53A-4A72-A4F6-B9379A24027A}"
EndProject
Global
	GlobalSection(SolutionConfigurationPlatforms) = preSolution
		Debug|Any CPU = Debug|Any CPU
		Release|Any CPU = Release|Any CPU
	EndGlobalSection
	GlobalSection(ProjectConfigurationPlatforms) = postSolution
		{19AA37BC-8798-4225-9D89-D2CC445CD878}.Debug|Any CPU.ActiveCfg = Debug|Any CPU
		{19AA37BC-8798-4225-9D89-D2CC445CD878}.Debug|Any CPU.Build.0 = Debug|Any CPU
		{19AA37BC-8798-4225-9D89-D2CC445CD878}.Release|Any CPU.ActiveCfg = Release|Any CPU
		{19AA37BC-8798-4225-9D89-D2CC445CD878}.Release|Any CPU.Build.0 = Release|Any CPU
		{58BEDDA8-E53A-4A72-A4F6-B9379A24027A}.Debug|Any CPU.ActiveCfg = Debug|Any CPU
		{58BEDDA8-E53A-4A72-A4F6-B9379A24027A}.Debug|Any CPU.Build.0 = Debug|Any CPU
		{58BEDDA8-E53A-4A72-A4F6-B9379A24027A}.Release|Any CPU.ActiveCfg = Release|Any CPU
		{58BEDDA8-E53A-4A72-A4F6-B9379A24027A}.Release|Any CPU.Build.0 = Release|Any CPU
	EndGlobalSection
	GlobalSection(SolutionProperties) = preSolution
		HideSolutionNode = FALSE
	EndGlobalSection
	GlobalSection(ExtensibilityGlobals) = postSolution
		SolutionGuid = {1C1FD003-107C-4BBC-9162-C0C86D66D8F8}
	EndGlobalSection
EndGlobal
